// !$*UTF8*$!
{
	archiveVersion = 1;
	classes = {
	};
	objectVersion = 46;
	objects = {

/* Begin PBXBuildFile section */
		5C082E611E7182A30025E1D6 /* AppDelegate.swift in Sources */ = {isa = PBXBuildFile; fileRef = 5C082E601E7182A30025E1D6 /* AppDelegate.swift */; };
		5C082E631E7182A30025E1D6 /* ViewController.swift in Sources */ = {isa = PBXBuildFile; fileRef = 5C082E621E7182A30025E1D6 /* ViewController.swift */; };
		5C082E661E7182A30025E1D6 /* Main.storyboard in Resources */ = {isa = PBXBuildFile; fileRef = 5C082E641E7182A30025E1D6 /* Main.storyboard */; };
		5C082E681E7182A30025E1D6 /* Assets.xcassets in Resources */ = {isa = PBXBuildFile; fileRef = 5C082E671E7182A30025E1D6 /* Assets.xcassets */; };
		5C082E6B1E7182A30025E1D6 /* LaunchScreen.storyboard in Resources */ = {isa = PBXBuildFile; fileRef = 5C082E691E7182A30025E1D6 /* LaunchScreen.storyboard */; };
		5C082E731E7182B60025E1D6 /* ChatTableViewCell.swift in Sources */ = {isa = PBXBuildFile; fileRef = 5C082E721E7182B60025E1D6 /* ChatTableViewCell.swift */; };
/* End PBXBuildFile section */

/* Begin PBXFileReference section */
		5C082E5D1E7182A30025E1D6 /* DynamicHeightTableViewCell.app */ = {isa = PBXFileReference; explicitFileType = wrapper.application; includeInIndex = 0; path = DynamicHeightTableViewCell.app; sourceTree = BUILT_PRODUCTS_DIR; };
		5C082E601E7182A30025E1D6 /* AppDelegate.swift */ = {isa = PBXFileReference; lastKnownFileType = sourcecode.swift; path = AppDelegate.swift; sourceTree = "<group>"; };
		5C082E621E7182A30025E1D6 /* ViewController.swift */ = {isa = PBXFileReference; lastKnownFileType = sourcecode.swift; path = ViewController.swift; sourceTree = "<group>"; };
		5C082E651E7182A30025E1D6 /* Base */ = {isa = PBXFileReference; lastKnownFileType = file.storyboard; name = Base; path = Base.lproj/Main.storyboard; sourceTree = "<group>"; };
		5C082E671E7182A30025E1D6 /* Assets.xcassets */ = {isa = PBXFileReference; lastKnownFileType = folder.assetcatalog; path = Assets.xcassets; sourceTree = "<group>"; };
		5C082E6A1E7182A30025E1D6 /* Base */ = {isa = PBXFileReference; lastKnownFileType = file.storyboard; name = Base; path = Base.lproj/LaunchScreen.storyboard; sourceTree = "<group>"; };
		5C082E6C1E7182A30025E1D6 /* Info.plist */ = {isa = PBXFileReference; lastKnownFileType = text.plist.xml; path = Info.plist; sourceTree = "<group>"; };
		5C082E721E7182B60025E1D6 /* ChatTableViewCell.swift */ = {isa = PBXFileReference; fileEncoding = 4; lastKnownFileType = sourcecode.swift; path = ChatTableViewCell.swift; sourceTree = "<group>"; };
/* End PBXFileReference section */

/* Begin PBXFrameworksBuildPhase section */
		5C082E5A1E7182A30025E1D6 /* Frameworks */ = {
			isa = PBXFrameworksBuildPhase;
			buildActionMask = 2147483647;
			files = (
			);
			runOnlyForDeploymentPostprocessing = 0;
		};
/* End PBXFrameworksBuildPhase section */

/* Begin PBXGroup section */
		5C082E541E7182A30025E1D6 = {
			isa = PBXGroup;
			children = (
				5C082E5F1E7182A30025E1D6 /* DynamicHeightTableViewCell */,
				5C082E5E1E7182A30025E1D6 /* Products */,
			);
			sourceTree = "<group>";
		};
		5C082E5E1E7182A30025E1D6 /* Products */ = {
			isa = PBXGroup;
			children = (
				5C082E5D1E7182A30025E1D6 /* DynamicHeightTableViewCell.app */,
			);
			name = Products;
			sourceTree = "<group>";
		};
		5C082E5F1E7182A30025E1D6 /* DynamicHeightTableViewCell */ = {
			isa = PBXGroup;
			children = (
				5C082E601E7182A30025E1D6 /* AppDelegate.swift */,
				5C082E621E7182A30025E1D6 /* ViewController.swift */,
				5C082E721E7182B60025E1D6 /* ChatTableViewCell.swift */,
				5C082E641E7182A30025E1D6 /* Main.storyboard */,
				5C082E671E7182A30025E1D6 /* Assets.xcassets */,
				5C082E691E7182A30025E1D6 /* LaunchScreen.storyboard */,
				5C082E6C1E7182A30025E1D6 /* Info.plist */,
			);
			path = DynamicHeightTableViewCell;
			sourceTree = "<group>";
		};
/* End PBXGroup section */

/* Begin PBXNativeTarget section */
		5C082E5C1E7182A30025E1D6 /* DynamicHeightTableViewCell */ = {
			isa = PBXNativeTarget;
			buildConfigurationList = 5C082E6F1E7182A30025E1D6 /* Build configuration list for PBXNativeTarget "DynamicHeightTableViewCell" */;
			buildPhases = (
				5C082E591E7182A30025E1D6 /* Sources */,
				5C082E5A1E7182A30025E1D6 /* Frameworks */,
				5C082E5B1E7182A30025E1D6 /* Resources */,
			);
			buildRules = (
			);
			dependencies = (
			);
			name = DynamicHeightTableViewCell;
			productName = DynamicHeightTableViewCell;
			productReference = 5C082E5D1E7182A30025E1D6 /* DynamicHeightTableViewCell.app */;
			productType = "com.apple.product-type.application";
		};
/* End PBXNativeTarget section */

/* Begin PBXProject section */
		5C082E551E7182A30025E1D6 /* Project object */ = {
			isa = PBXProject;
			attributes = {
				LastSwiftUpdateCheck = 0820;
				LastUpgradeCheck = 0820;
				ORGANIZATIONNAME = "Muhammad Hassan";
				TargetAttributes = {
					5C082E5C1E7182A30025E1D6 = {
						CreatedOnToolsVersion = 8.2.1;
						ProvisioningStyle = Automatic;
					};
				};
			};
			buildConfigurationList = 5C082E581E7182A30025E1D6 /* Build configuration list for PBXProject "DynamicHeightTableViewCell" */;
			compatibilityVersion = "Xcode 3.2";
			developmentRegion = English;
			hasScannedForEncodings = 0;
			knownRegions = (
				en,
				Base,
			);
			mainGroup = 5C082E541E7182A30025E1D6;
			productRefGroup = 5C082E5E1E7182A30025E1D6 /* Products */;
			projectDirPath = "";
			projectRoot = "";
			targets = (
				5C082E5C1E7182A30025E1D6 /* DynamicHeightTableViewCell */,
			);
		};
/* End PBXProject section */

/* Begin PBXResourcesBuildPhase section */
		5C082E5B1E7182A30025E1D6 /* Resources */ = {
			isa = PBXResourcesBuildPhase;
			buildActionMask = 2147483647;
			files = (
				5C082E6B1E7182A30025E1D6 /* LaunchScreen.storyboard in Resources */,
				5C082E681E7182A30025E1D6 /* Assets.xcassets in Resources */,
				5C082E661E7182A30025E1D6 /* Main.storyboard in Resources */,
			);
			runOnlyForDeploymentPostprocessing = 0;
		};
/* End PBXResourcesBuildPhase section */

/* Begin PBXSourcesBuildPhase section */
		5C082E591E7182A30025E1D6 /* Sources */ = {
			isa = PBXSourcesBuildPhase;
			buildActionMask = 2147483647;
			files = (
				5C082E731E7182B60025E1D6 /* ChatTableViewCell.swift in Sources */,
				5C082E631E7182A30025E1D6 /* ViewController.swift in Sources */,
				5C082E611E7182A30025E1D6 /* AppDelegate.swift in Sources */,
			);
			runOnlyForDeploymentPostprocessing = 0;
		};
/* End PBXSourcesBuildPhase section */

/* Begin PBXVariantGroup section */
		5C082E641E7182A30025E1D6 /* Main.storyboard */ = {
			isa = PBXVariantGroup;
			children = (
				5C082E651E7182A30025E1D6 /* Base */,
			);
			name = Main.storyboard;
			sourceTree = "<group>";
		};
		5C082E691E7182A30025E1D6 /* LaunchScreen.storyboard */ = {
			isa = PBXVariantGroup;
			children = (
				5C082E6A1E7182A30025E1D6 /* Base */,
			);
			name = LaunchScreen.storyboard;
			sourceTree = "<group>";
		};
/* End PBXVariantGroup section */

/* Begin XCBuildConfiguration section */
		5C082E6D1E7182A30025E1D6 /* Debug */ = {
			isa = XCBuildConfiguration;
			buildSettings = {
				ALWAYS_SEARCH_USER_PATHS = NO;
				CLANG_ANALYZER_NONNULL = YES;
				CLANG_CXX_LANGUAGE_STANDARD = "gnu++0x";
				CLANG_CXX_LIBRARY = "libc++";
				CLANG_ENABLE_MODULES = YES;
				CLANG_ENABLE_OBJC_ARC = YES;
				CLANG_WARN_BOOL_CONVERSION = YES;
				CLANG_WARN_CONSTANT_CONVERSION = YES;
				CLANG_WARN_DIRECT_OBJC_ISA_USAGE = YES_ERROR;
				CLANG_WARN_DOCUMENTATION_COMMENTS = YES;
				CLANG_WARN_EMPTY_BODY = YES;
				CLANG_WARN_ENUM_CONVERSION = YES;
				CLANG_WARN_INFINITE_RECURSION = YES;
				CLANG_WARN_INT_CONVERSION = YES;
				CLANG_WARN_OBJC_ROOT_CLASS = YES_ERROR;
				CLANG_WARN_SUSPICIOUS_MOVE = YES;
				CLANG_WARN_UNREACHABLE_CODE = YES;
				CLANG_WARN__DUPLICATE_METHOD_MATCH = YES;
				"CODE_SIGN_IDENTITY[sdk=iphoneos*]" = "iPhone Developer";
				COPY_PHASE_STRIP = NO;
				DEBUG_INFORMATION_FORMAT = dwarf;
				ENABLE_STRICT_OBJC_MSGSEND = YES;
				ENABLE_TESTABILITY = YES;
				GCC_C_LANGUAGE_STANDARD = gnu99;
				GCC_DYNAMIC_NO_PIC = NO;
				GCC_NO_COMMON_BLOCKS = YES;
				GCC_OPTIMIZATION_LEVEL = 0;
				GCC_PREPROCESSOR_DEFINITIONS = (
					"DEBUG=1",
					"$(inherited)",
				);
				GCC_WARN_64_TO_32_BIT_CONVERSION = YES;
				GCC_WARN_ABOUT_RETURN_TYPE = YES_ERROR;
				GCC_WARN_UNDECLARED_SELECTOR = YES;
				GCC_WARN_UNINITIALIZED_AUTOS = YES_AGGRESSIVE;
				GCC_WARN_UNUSED_FUNCTION = YES;
				GCC_WARN_UNUSED_VARIABLE = YES;
				IPHONEOS_DEPLOYMENT_TARGET = 10.2;
				MTL_ENABLE_DEBUG_INFO = YES;
				ONLY_ACTIVE_ARCH = YES;
				SDKROOT = iphoneos;
				SWIFT_ACTIVE_COMPILATION_CONDITIONS = DEBUG;
				SWIFT_OPTIMIZATION_LEVEL = "-Onone";
			};
			name = Debug;
		};
		5C082E6E1E7182A30025E1D6 /* Release */ = {
			isa = XCBuildConfiguration;
			buildSettings = {
				ALWAYS_SEARCH_USER_PATHS = NO;
				CLANG_ANALYZER_NONNULL = YES;
				CLANG_CXX_LANGUAGE_STANDARD = "gnu++0x";
				CLANG_CXX_LIBRARY = "libc++";
				CLANG_ENABLE_MODULES = YES;
				CLANG_ENABLE_OBJC_ARC = YES;
				CLANG_WARN_BOOL_CONVERSION = YES;
				CLANG_WARN_CONSTANT_CONVERSION = YES;
				CLANG_WARN_DIRECT_OBJC_ISA_USAGE = YES_ERROR;
				CLANG_WARN_DOCUMENTATION_COMMENTS = YES;
				CLANG_WARN_EMPTY_BODY = YES;
				CLANG_WARN_ENUM_CONVERSION = YES;
				CLANG_WARN_INFINITE_RECURSION = YES;
				CLANG_WARN_INT_CONVERSION = YES;
				CLANG_WARN_OBJC_ROOT_CLASS = YES_ERROR;
				CLANG_WARN_SUSPICIOUS_MOVE = YES;
				CLANG_WARN_UNREACHABLE_CODE = YES;
				CLANG_WARN__DUPLICATE_METHOD_MATCH = YES;
				"CODE_SIGN_IDENTITY[sdk=iphoneos*]" = "iPhone Developer";
				COPY_PHASE_STRIP = NO;
				DEBUG_INFORMATION_FORMAT = "dwarf-with-dsym";
				ENABLE_NS_ASSERTIONS = NO;
				ENABLE_STRICT_OBJC_MSGSEND = YES;
				GCC_C_LANGUAGE_STANDARD = gnu99;
				GCC_NO_COMMON_BLOCKS = YES;
				GCC_WARN_64_TO_32_BIT_CONVERSION = YES;
				GCC_WARN_ABOUT_RETURN_TYPE = YES_ERROR;
				GCC_WARN_UNDECLARED_SELECTOR = YES;
				GCC_WARN_UNINITIALIZED_AUTOS = YES_AGGRESSIVE;
				GCC_WARN_UNUSED_FUNCTION = YES;
				GCC_WARN_UNUSED_VARIABLE = YES;
				IPHONEOS_DEPLOYMENT_TARGET = 10.2;
				MTL_ENABLE_DEBUG_INFO = NO;
				SDKROOT = iphoneos;
				SWIFT_OPTIMIZATION_LEVEL = "-Owholemodule";
				VALIDATE_PRODUCT = YES;
			};
			name = Release;
		};
		5C082E701E7182A30025E1D6 /* Debug */ = {
			isa = XCBuildConfiguration;
			buildSettings = {
				ASSETCATALOG_COMPILER_APPICON_NAME = AppIcon;
				INFOPLIST_FILE = DynamicHeightTableViewCell/Info.plist;
				LD_RUNPATH_SEARCH_PATHS = "$(inherited) @executable_path/Frameworks";
				PRODUCT_BUNDLE_IDENTIFIER = com.intagleo.DynamicHeightTableViewCell;
				PRODUCT_NAME = "$(TARGET_NAME)";
				SWIFT_VERSION = 3.0;
			};
			name = Debug;
		};
		5C082E711E7182A30025E1D6 /* Release */ = {
			isa = XCBuildConfiguration;
			buildSettings = {
				ASSETCATALOG_COMPILER_APPICON_NAME = AppIcon;
				INFOPLIST_FILE = DynamicHeightTableViewCell/Info.plist;
				LD_RUNPATH_SEARCH_PATHS = "$(inherited) @executable_path/Frameworks";
				PRODUCT_BUNDLE_IDENTIFIER = com.intagleo.DynamicHeightTableViewCell;
				PRODUCT_NAME = "$(TARGET_NAME)";
				SWIFT_VERSION = 3.0;
			};
			name = Release;
		};
/* End XCBuildConfiguration section */

/* Begin XCConfigurationList section */
		5C082E581E7182A30025E1D6 /* Build configuration list for PBXProject "DynamicHeightTableViewCell" */ = {
			isa = XCConfigurationList;
			buildConfigurations = (
				5C082E6D1E7182A30025E1D6 /* Debug */,
				5C082E6E1E7182A30025E1D6 /* Release */,
			);
			defaultConfigurationIsVisible = 0;
			defaultConfigurationName = Release;
		};
		5C082E6F1E7182A30025E1D6 /* Build configuration list for PBXNativeTarget "DynamicHeightTableViewCell" */ = {
			isa = XCConfigurationList;
			buildConfigurations = (
				5C082E701E7182A30025E1D6 /* Debug */,
				5C082E711E7182A30025E1D6 /* Release */,
			);
			defaultConfigurationIsVisible = 0;
		};
/* End XCConfigurationList section */
	};
	rootObject = 5C082E551E7182A30025E1D6 /* Project object */;
}
